
Microsoft Visual Studio Solution File, Format Version 12.00
# Visual Studio Version 17
VisualStudioVersion = 17.7.34018.315
MinimumVisualStudioVersion = 10.0.40219.1
Project("{9A19103F-16F7-4668-BE54-9A1E7A4F7556}") = "mvcRegistrations", "mvcRegistrations\mvcRegistrations.csproj", "{BE4B0401-9EB5-42F1-9A88-4E2A9C1E8C71}"
EndProject
Global
	GlobalSection(SolutionConfigurationPlatforms) = preSolution
		Debug|Any CPU = Debug|Any CPU
		Release|Any CPU = Release|Any CPU
	EndGlobalSection
	GlobalSection(ProjectConfigurationPlatforms) = postSolution
		{BE4B0401-9EB5-42F1-9A88-4E2A9C1E8C71}.Debug|Any CPU.ActiveCfg = Debug|Any CPU
		{BE4B0401-9EB5-42F1-9A88-4E2A9C1E8C71}.Debug|Any CPU.Build.0 = Debug|Any CPU
		{BE4B0401-9EB5-42F1-9A88-4E2A9C1E8C71}.Release|Any CPU.ActiveCfg = Release|Any CPU
		{BE4B0401-9EB5-42F1-9A88-4E2A9C1E8C71}.Release|Any CPU.Build.0 = Release|Any CPU
	EndGlobalSection
	GlobalSection(SolutionProperties) = preSolution
		HideSolutionNode = FALSE
	EndGlobalSection
	GlobalSection(ExtensibilityGlobals) = postSolution
		SolutionGuid = {8F0C73CA-1D8E-490E-8F35-3EAA223B62D5}
	EndGlobalSection
EndGlobal
